
Microsoft Visual Studio Solution File, Format Version 12.00
# Visual Studio Version 17
VisualStudioVersion = 17.9.34701.34
MinimumVisualStudioVersion = 10.0.40219.1
Project("{9A19103F-16F7-4668-BE54-9A1E7A4F7556}") = "EmployeeManagementAPI", "EmployeeManagementAPI\EmployeeManagementAPI.csproj", "{99F74566-874C-4E46-BAAD-1DAEA142182D}"
EndProject
Project("{FAE04EC0-301F-11D3-BF4B-00C04F79EFBC}") = "Core", "Core\Core.csproj", "{985A564E-DF5D-4FD7-B977-81F0A6799B3B}"
EndProject
Global
	GlobalSection(SolutionConfigurationPlatforms) = preSolution
		Debug|Any CPU = Debug|Any CPU
		Release|Any CPU = Release|Any CPU
	EndGlobalSection
	GlobalSection(ProjectConfigurationPlatforms) = postSolution
		{99F74566-874C-4E46-BAAD-1DAEA142182D}.Debug|Any CPU.ActiveCfg = Debug|Any CPU
		{99F74566-874C-4E46-BAAD-1DAEA142182D}.Debug|Any CPU.Build.0 = Debug|Any CPU
		{99F74566-874C-4E46-BAAD-1DAEA142182D}.Release|Any CPU.ActiveCfg = Release|Any CPU
		{99F74566-874C-4E46-BAAD-1DAEA142182D}.Release|Any CPU.Build.0 = Release|Any CPU
		{985A564E-DF5D-4FD7-B977-81F0A6799B3B}.Debug|Any CPU.ActiveCfg = Debug|Any CPU
		{985A564E-DF5D-4FD7-B977-81F0A6799B3B}.Debug|Any CPU.Build.0 = Debug|Any CPU
		{985A564E-DF5D-4FD7-B977-81F0A6799B3B}.Release|Any CPU.ActiveCfg = Release|Any CPU
		{985A564E-DF5D-4FD7-B977-81F0A6799B3B}.Release|Any CPU.Build.0 = Release|Any CPU
	EndGlobalSection
	GlobalSection(SolutionProperties) = preSolution
		HideSolutionNode = FALSE
	EndGlobalSection
	GlobalSection(ExtensibilityGlobals) = postSolution
		SolutionGuid = {65B34C5D-9175-4889-B8F0-1A67D21F1C62}
	EndGlobalSection
EndGlobal
